
Microsoft Visual Studio Solution File, Format Version 12.00
# Visual Studio Version 16
VisualStudioVersion = 16.0.31402.337
MinimumVisualStudioVersion = 10.0.40219.1
Project("{FAE04EC0-301F-11D3-BF4B-00C04F79EFBC}") = "Web.UmbracoProject", "Web.UmbracoProject\Web.UmbracoProject.csproj", "{97C7F534-2623-4457-9CD3-55ECEAA18AC4}"
EndProject
Global
	GlobalSection(SolutionConfigurationPlatforms) = preSolution
		Debug|Any CPU = Debug|Any CPU
		Release|Any CPU = Release|Any CPU
	EndGlobalSection
	GlobalSection(ProjectConfigurationPlatforms) = postSolution
		{97C7F534-2623-4457-9CD3-55ECEAA18AC4}.Debug|Any CPU.ActiveCfg = Debug|Any CPU
		{97C7F534-2623-4457-9CD3-55ECEAA18AC4}.Debug|Any CPU.Build.0 = Debug|Any CPU
		{97C7F534-2623-4457-9CD3-55ECEAA18AC4}.Release|Any CPU.ActiveCfg = Release|Any CPU
		{97C7F534-2623-4457-9CD3-55ECEAA18AC4}.Release|Any CPU.Build.0 = Release|Any CPU
	EndGlobalSection
	GlobalSection(SolutionProperties) = preSolution
		HideSolutionNode = FALSE
	EndGlobalSection
	GlobalSection(ExtensibilityGlobals) = postSolution
		SolutionGuid = {D4D44257-24CF-45F7-888F-A18CF1845175}
	EndGlobalSection
EndGlobal
